
Microsoft Visual Studio Solution File, Format Version 12.00
# Visual Studio Version 16
VisualStudioVersion = 16.0.29306.81
MinimumVisualStudioVersion = 10.0.40219.1
Project("{FAE04EC0-301F-11D3-BF4B-00C04F79EFBC}") = "image_viewer", "image_viewer.csproj", "{DFC04073-E9AC-4CE0-80B1-D4FF98F52892}"
EndProject
Global
	GlobalSection(SolutionConfigurationPlatforms) = preSolution
		Debug|Any CPU = Debug|Any CPU
		Release|Any CPU = Release|Any CPU
	EndGlobalSection
	GlobalSection(ProjectConfigurationPlatforms) = postSolution
		{DFC04073-E9AC-4CE0-80B1-D4FF98F52892}.Debug|Any CPU.ActiveCfg = Debug|Any CPU
		{DFC04073-E9AC-4CE0-80B1-D4FF98F52892}.Debug|Any CPU.Build.0 = Debug|Any CPU
		{DFC04073-E9AC-4CE0-80B1-D4FF98F52892}.Release|Any CPU.ActiveCfg = Release|Any CPU
		{DFC04073-E9AC-4CE0-80B1-D4FF98F52892}.Release|Any CPU.Build.0 = Release|Any CPU
	EndGlobalSection
	GlobalSection(SolutionProperties) = preSolution
		HideSolutionNode = FALSE
	EndGlobalSection
	GlobalSection(ExtensibilityGlobals) = postSolution
		SolutionGuid = {8787A78E-AB2E-4102-A9C8-3E5A4D0C14B7}
	EndGlobalSection
EndGlobal
