
Microsoft Visual Studio Solution File, Format Version 12.00
# Visual Studio Version 16
VisualStudioVersion = 16.0.29306.81
MinimumVisualStudioVersion = 10.0.40219.1
Project("{FAE04EC0-301F-11D3-BF4B-00C04F79EFBC}") = "timer_v2", "timer_v2.csproj", "{4B1380F5-4650-4DB8-BDFC-3C5B8381081C}"
EndProject
Global
	GlobalSection(SolutionConfigurationPlatforms) = preSolution
		Debug|Any CPU = Debug|Any CPU
		Release|Any CPU = Release|Any CPU
	EndGlobalSection
	GlobalSection(ProjectConfigurationPlatforms) = postSolution
		{4B1380F5-4650-4DB8-BDFC-3C5B8381081C}.Debug|Any CPU.ActiveCfg = Debug|Any CPU
		{4B1380F5-4650-4DB8-BDFC-3C5B8381081C}.Debug|Any CPU.Build.0 = Debug|Any CPU
		{4B1380F5-4650-4DB8-BDFC-3C5B8381081C}.Release|Any CPU.ActiveCfg = Release|Any CPU
		{4B1380F5-4650-4DB8-BDFC-3C5B8381081C}.Release|Any CPU.Build.0 = Release|Any CPU
	EndGlobalSection
	GlobalSection(SolutionProperties) = preSolution
		HideSolutionNode = FALSE
	EndGlobalSection
	GlobalSection(ExtensibilityGlobals) = postSolution
		SolutionGuid = {B4CE95A2-B903-411A-BDEF-A689B4D81B1F}
	EndGlobalSection
EndGlobal
